
Microsoft Visual Studio Solution File, Format Version 12.00
# Visual Studio Version 17
VisualStudioVersion = 17.10.35201.131
MinimumVisualStudioVersion = 10.0.40219.1
Project("{9A19103F-16F7-4668-BE54-9A1E7A4F7556}") = "course_enrollment_application.Server", "course_enrollment_application\Server\course_enrollment_application.Server.csproj", "{E32184DE-9DA7-4876-AD46-046B5DFE0FD8}"
EndProject
Project("{9A19103F-16F7-4668-BE54-9A1E7A4F7556}") = "course_enrollment_application.Client", "course_enrollment_application\Client\course_enrollment_application.Client.csproj", "{55CEF76E-2156-420D-82E6-1DE5C6F6D159}"
EndProject
Project("{9A19103F-16F7-4668-BE54-9A1E7A4F7556}") = "course_enrollment_application.Shared", "course_enrollment_application\Shared\course_enrollment_application.Shared.csproj", "{EB2083C1-873B-43BE-8D38-EF7E0D5AEE7F}"
EndProject
Project("{9A19103F-16F7-4668-BE54-9A1E7A4F7556}") = "course_enrollment_application.Data", "course_enrollment_application.Data\course_enrollment_application.Data.csproj", "{133BF922-2BA7-42BD-BE00-3423B32DE197}"
EndProject
Project("{9A19103F-16F7-4668-BE54-9A1E7A4F7556}") = "course_enrollment_application.Repositories", "course_enrollment_application.Repositories\course_enrollment_application.Repositories.csproj", "{8CCEE18B-2887-4C82-8144-97EA6C2A67C5}"
EndProject
Project("{9A19103F-16F7-4668-BE54-9A1E7A4F7556}") = "course_enrollment_application.Repository.Implementations", "course_enrollment_application.Repository.Implementations\course_enrollment_application.Repository.Implementations.csproj", "{C9184E48-1034-4BFE-9A24-B52ACF5B3B53}"
EndProject
Global
	GlobalSection(SolutionConfigurationPlatforms) = preSolution
		Debug|Any CPU = Debug|Any CPU
		Release|Any CPU = Release|Any CPU
	EndGlobalSection
	GlobalSection(ProjectConfigurationPlatforms) = postSolution
		{E32184DE-9DA7-4876-AD46-046B5DFE0FD8}.Debug|Any CPU.ActiveCfg = Debug|Any CPU
		{E32184DE-9DA7-4876-AD46-046B5DFE0FD8}.Debug|Any CPU.Build.0 = Debug|Any CPU
		{E32184DE-9DA7-4876-AD46-046B5DFE0FD8}.Release|Any CPU.ActiveCfg = Release|Any CPU
		{E32184DE-9DA7-4876-AD46-046B5DFE0FD8}.Release|Any CPU.Build.0 = Release|Any CPU
		{55CEF76E-2156-420D-82E6-1DE5C6F6D159}.Debug|Any CPU.ActiveCfg = Debug|Any CPU
		{55CEF76E-2156-420D-82E6-1DE5C6F6D159}.Debug|Any CPU.Build.0 = Debug|Any CPU
		{55CEF76E-2156-420D-82E6-1DE5C6F6D159}.Release|Any CPU.ActiveCfg = Release|Any CPU
		{55CEF76E-2156-420D-82E6-1DE5C6F6D159}.Release|Any CPU.Build.0 = Release|Any CPU
		{EB2083C1-873B-43BE-8D38-EF7E0D5AEE7F}.Debug|Any CPU.ActiveCfg = Debug|Any CPU
		{EB2083C1-873B-43BE-8D38-EF7E0D5AEE7F}.Debug|Any CPU.Build.0 = Debug|Any CPU
		{EB2083C1-873B-43BE-8D38-EF7E0D5AEE7F}.Release|Any CPU.ActiveCfg = Release|Any CPU
		{EB2083C1-873B-43BE-8D38-EF7E0D5AEE7F}.Release|Any CPU.Build.0 = Release|Any CPU
		{133BF922-2BA7-42BD-BE00-3423B32DE197}.Debug|Any CPU.ActiveCfg = Debug|Any CPU
		{133BF922-2BA7-42BD-BE00-3423B32DE197}.Debug|Any CPU.Build.0 = Debug|Any CPU
		{133BF922-2BA7-42BD-BE00-3423B32DE197}.Release|Any CPU.ActiveCfg = Release|Any CPU
		{133BF922-2BA7-42BD-BE00-3423B32DE197}.Release|Any CPU.Build.0 = Release|Any CPU
		{8CCEE18B-2887-4C82-8144-97EA6C2A67C5}.Debug|Any CPU.ActiveCfg = Debug|Any CPU
		{8CCEE18B-2887-4C82-8144-97EA6C2A67C5}.Debug|Any CPU.Build.0 = Debug|Any CPU
		{8CCEE18B-2887-4C82-8144-97EA6C2A67C5}.Release|Any CPU.ActiveCfg = Release|Any CPU
		{8CCEE18B-2887-4C82-8144-97EA6C2A67C5}.Release|Any CPU.Build.0 = Release|Any CPU
		{C9184E48-1034-4BFE-9A24-B52ACF5B3B53}.Debug|Any CPU.ActiveCfg = Debug|Any CPU
		{C9184E48-1034-4BFE-9A24-B52ACF5B3B53}.Debug|Any CPU.Build.0 = Debug|Any CPU
		{C9184E48-1034-4BFE-9A24-B52ACF5B3B53}.Release|Any CPU.ActiveCfg = Release|Any CPU
		{C9184E48-1034-4BFE-9A24-B52ACF5B3B53}.Release|Any CPU.Build.0 = Release|Any CPU
	EndGlobalSection
	GlobalSection(SolutionProperties) = preSolution
		HideSolutionNode = FALSE
	EndGlobalSection
	GlobalSection(ExtensibilityGlobals) = postSolution
		SolutionGuid = {6E7EBC90-CE04-43FB-8047-E6A34670785B}
	EndGlobalSection
EndGlobal
